
Microsoft Visual Studio Solution File, Format Version 12.00
# Visual Studio Version 16
VisualStudioVersion = 16.0.32002.261
MinimumVisualStudioVersion = 10.0.40219.1
Project("{FAE04EC0-301F-11D3-BF4B-00C04F79EFBC}") = "TOTPLAB2", "TOTPLAB2\TOTPLAB2.csproj", "{FC714C43-9B0A-4F6E-A853-C9DBC8F2D4FE}"
EndProject
Global
	GlobalSection(SolutionConfigurationPlatforms) = preSolution
		Debug|Any CPU = Debug|Any CPU
		Release|Any CPU = Release|Any CPU
	EndGlobalSection
	GlobalSection(ProjectConfigurationPlatforms) = postSolution
		{FC714C43-9B0A-4F6E-A853-C9DBC8F2D4FE}.Debug|Any CPU.ActiveCfg = Debug|Any CPU
		{FC714C43-9B0A-4F6E-A853-C9DBC8F2D4FE}.Debug|Any CPU.Build.0 = Debug|Any CPU
		{FC714C43-9B0A-4F6E-A853-C9DBC8F2D4FE}.Release|Any CPU.ActiveCfg = Release|Any CPU
		{FC714C43-9B0A-4F6E-A853-C9DBC8F2D4FE}.Release|Any CPU.Build.0 = Release|Any CPU
	EndGlobalSection
	GlobalSection(SolutionProperties) = preSolution
		HideSolutionNode = FALSE
	EndGlobalSection
	GlobalSection(ExtensibilityGlobals) = postSolution
		SolutionGuid = {F4F964A4-9DD8-451B-9FE5-3D787F65BECB}
	EndGlobalSection
EndGlobal
